
Microsoft Visual Studio Solution File, Format Version 12.00
# Visual Studio Version 17
VisualStudioVersion = 17.11.35312.102
MinimumVisualStudioVersion = 10.0.40219.1
Project("{9A19103F-16F7-4668-BE54-9A1E7A4F7556}") = "Trabalho_Alojamento_POO", "Trabalho_Alojamento_POO.csproj", "{EAE10AF8-5460-4E3F-A75E-313F4C9BBB12}"
EndProject
Project("{FAE04EC0-301F-11D3-BF4B-00C04F79EFBC}") = "Trabalho_Alojamento_POOTests", "..\Trabalho_Alojamento_POOTests\Trabalho_Alojamento_POOTests.csproj", "{BB7D93FE-8084-49C7-B75B-6A88263E421D}"
EndProject
Global
	GlobalSection(SolutionConfigurationPlatforms) = preSolution
		Debug|Any CPU = Debug|Any CPU
		Release|Any CPU = Release|Any CPU
	EndGlobalSection
	GlobalSection(ProjectConfigurationPlatforms) = postSolution
		{EAE10AF8-5460-4E3F-A75E-313F4C9BBB12}.Debug|Any CPU.ActiveCfg = Debug|Any CPU
		{EAE10AF8-5460-4E3F-A75E-313F4C9BBB12}.Debug|Any CPU.Build.0 = Debug|Any CPU
		{EAE10AF8-5460-4E3F-A75E-313F4C9BBB12}.Release|Any CPU.ActiveCfg = Release|Any CPU
		{EAE10AF8-5460-4E3F-A75E-313F4C9BBB12}.Release|Any CPU.Build.0 = Release|Any CPU
		{BB7D93FE-8084-49C7-B75B-6A88263E421D}.Debug|Any CPU.ActiveCfg = Debug|Any CPU
		{BB7D93FE-8084-49C7-B75B-6A88263E421D}.Debug|Any CPU.Build.0 = Debug|Any CPU
		{BB7D93FE-8084-49C7-B75B-6A88263E421D}.Release|Any CPU.ActiveCfg = Release|Any CPU
		{BB7D93FE-8084-49C7-B75B-6A88263E421D}.Release|Any CPU.Build.0 = Release|Any CPU
	EndGlobalSection
	GlobalSection(SolutionProperties) = preSolution
		HideSolutionNode = FALSE
	EndGlobalSection
	GlobalSection(ExtensibilityGlobals) = postSolution
		SolutionGuid = {1E887E88-6489-456A-9B3E-F757182075C1}
	EndGlobalSection
EndGlobal
